
Microsoft Visual Studio Solution File, Format Version 12.00
Project("{FAE04EC0-301F-11D3-BF4B-00C04F79EFBC}") = "Sepet.API", "Sepet.API\Sepet.API.csproj", "{98114EF9-A8B8-4AC3-A537-A0C72F7941C6}"
EndProject
Project("{2150E333-8FDC-42A3-9474-1A3956D46DE8}") = "src", "src", "{F0F461E5-5439-4A08-BF57-2BF97449B4CB}"
EndProject
Project("{2150E333-8FDC-42A3-9474-1A3956D46DE8}") = "tests", "tests", "{1F4FEAAB-132A-4281-A012-C113453DF001}"
EndProject
Project("{FAE04EC0-301F-11D3-BF4B-00C04F79EFBC}") = "Sepet.Core", "Sepet.Core\Sepet.Core.csproj", "{5DD43BB9-5CE6-4AA4-9310-2A1128738922}"
EndProject
Project("{FAE04EC0-301F-11D3-BF4B-00C04F79EFBC}") = "Sepet.InMemory", "Sepet.InMemory\Sepet.InMemory.csproj", "{76DA11BA-1483-4865-B048-69123CE2BDF6}"
EndProject
Project("{FAE04EC0-301F-11D3-BF4B-00C04F79EFBC}") = "Sepet.Redis", "Sepet.Redis\Sepet.Redis.csproj", "{15ECFB04-8BE9-4E04-9D4F-7846B979F8C3}"
EndProject
Project("{FAE04EC0-301F-11D3-BF4B-00C04F79EFBC}") = "Sepet.MongoDb", "Sepet.MongoDb\Sepet.MongoDb.csproj", "{7E39E962-448E-445A-AD5B-717EC3925D0E}"
EndProject
Project("{2150E333-8FDC-42A3-9474-1A3956D46DE8}") = "Infrastructure", "Infrastructure", "{A10E2D7C-CCA4-4F0A-90D4-DC8D041EB359}"
EndProject
Project("{FAE04EC0-301F-11D3-BF4B-00C04F79EFBC}") = "Sepet.Application", "Sepet.Application\Sepet.Application.csproj", "{73E88AD1-E147-4B5A-AF3F-62123CDD523B}"
EndProject
Project("{FAE04EC0-301F-11D3-BF4B-00C04F79EFBC}") = "Sepet.InMemory.Tests", "Tests\Sepet.InMemory.Tests\Sepet.InMemory.Tests.csproj", "{F45A4278-06C9-49BD-A960-97FBAFE5C801}"
EndProject
Project("{FAE04EC0-301F-11D3-BF4B-00C04F79EFBC}") = "Sepet.MongoDb.Tests", "Tests\Sepet.MongoDb.Tests\Sepet.MongoDb.Tests.csproj", "{2881AE05-ABCD-4E24-B5E0-F62A56F06642}"
EndProject
Project("{FAE04EC0-301F-11D3-BF4B-00C04F79EFBC}") = "Sepet.Redis.Tests", "Tests\Sepet.Redis.Tests\Sepet.Redis.Tests.csproj", "{0092A3AC-BCAA-4A7C-B537-B137821761D0}"
EndProject
Project("{FAE04EC0-301F-11D3-BF4B-00C04F79EFBC}") = "Sepet.Application.Tests", "Tests\Sepet.Application.Tests\Sepet.Application.Tests.csproj", "{81939DFD-BC46-41E7-97A8-C3A4C3C9298A}"
EndProject
Project("{FAE04EC0-301F-11D3-BF4B-00C04F79EFBC}") = "Sepet.API.Tests", "Tests\Sepet.API.Tests\Sepet.API.Tests.csproj", "{AED26ED2-87FE-4E67-969F-698321637CF3}"
EndProject
Project("{FAE04EC0-301F-11D3-BF4B-00C04F79EFBC}") = "Sepet.TestBase", "Tests\Sepet.TestBase\Sepet.TestBase.csproj", "{FC432280-83F4-4FDD-A010-2C7AD6EBD6DC}"
EndProject
Global
	GlobalSection(SolutionConfigurationPlatforms) = preSolution
		Debug|Any CPU = Debug|Any CPU
		Release|Any CPU = Release|Any CPU
	EndGlobalSection
	GlobalSection(ProjectConfigurationPlatforms) = postSolution
		{98114EF9-A8B8-4AC3-A537-A0C72F7941C6}.Debug|Any CPU.ActiveCfg = Debug|Any CPU
		{98114EF9-A8B8-4AC3-A537-A0C72F7941C6}.Debug|Any CPU.Build.0 = Debug|Any CPU
		{98114EF9-A8B8-4AC3-A537-A0C72F7941C6}.Release|Any CPU.ActiveCfg = Release|Any CPU
		{98114EF9-A8B8-4AC3-A537-A0C72F7941C6}.Release|Any CPU.Build.0 = Release|Any CPU
		{5DD43BB9-5CE6-4AA4-9310-2A1128738922}.Debug|Any CPU.ActiveCfg = Debug|Any CPU
		{5DD43BB9-5CE6-4AA4-9310-2A1128738922}.Debug|Any CPU.Build.0 = Debug|Any CPU
		{5DD43BB9-5CE6-4AA4-9310-2A1128738922}.Release|Any CPU.ActiveCfg = Release|Any CPU
		{5DD43BB9-5CE6-4AA4-9310-2A1128738922}.Release|Any CPU.Build.0 = Release|Any CPU
		{76DA11BA-1483-4865-B048-69123CE2BDF6}.Debug|Any CPU.ActiveCfg = Debug|Any CPU
		{76DA11BA-1483-4865-B048-69123CE2BDF6}.Debug|Any CPU.Build.0 = Debug|Any CPU
		{76DA11BA-1483-4865-B048-69123CE2BDF6}.Release|Any CPU.ActiveCfg = Release|Any CPU
		{76DA11BA-1483-4865-B048-69123CE2BDF6}.Release|Any CPU.Build.0 = Release|Any CPU
		{15ECFB04-8BE9-4E04-9D4F-7846B979F8C3}.Debug|Any CPU.ActiveCfg = Debug|Any CPU
		{15ECFB04-8BE9-4E04-9D4F-7846B979F8C3}.Debug|Any CPU.Build.0 = Debug|Any CPU
		{15ECFB04-8BE9-4E04-9D4F-7846B979F8C3}.Release|Any CPU.ActiveCfg = Release|Any CPU
		{15ECFB04-8BE9-4E04-9D4F-7846B979F8C3}.Release|Any CPU.Build.0 = Release|Any CPU
		{7E39E962-448E-445A-AD5B-717EC3925D0E}.Debug|Any CPU.ActiveCfg = Debug|Any CPU
		{7E39E962-448E-445A-AD5B-717EC3925D0E}.Debug|Any CPU.Build.0 = Debug|Any CPU
		{7E39E962-448E-445A-AD5B-717EC3925D0E}.Release|Any CPU.ActiveCfg = Release|Any CPU
		{7E39E962-448E-445A-AD5B-717EC3925D0E}.Release|Any CPU.Build.0 = Release|Any CPU
		{73E88AD1-E147-4B5A-AF3F-62123CDD523B}.Debug|Any CPU.ActiveCfg = Debug|Any CPU
		{73E88AD1-E147-4B5A-AF3F-62123CDD523B}.Debug|Any CPU.Build.0 = Debug|Any CPU
		{73E88AD1-E147-4B5A-AF3F-62123CDD523B}.Release|Any CPU.ActiveCfg = Release|Any CPU
		{73E88AD1-E147-4B5A-AF3F-62123CDD523B}.Release|Any CPU.Build.0 = Release|Any CPU
		{F45A4278-06C9-49BD-A960-97FBAFE5C801}.Debug|Any CPU.ActiveCfg = Debug|Any CPU
		{F45A4278-06C9-49BD-A960-97FBAFE5C801}.Debug|Any CPU.Build.0 = Debug|Any CPU
		{F45A4278-06C9-49BD-A960-97FBAFE5C801}.Release|Any CPU.ActiveCfg = Release|Any CPU
		{F45A4278-06C9-49BD-A960-97FBAFE5C801}.Release|Any CPU.Build.0 = Release|Any CPU
		{2881AE05-ABCD-4E24-B5E0-F62A56F06642}.Debug|Any CPU.ActiveCfg = Debug|Any CPU
		{2881AE05-ABCD-4E24-B5E0-F62A56F06642}.Debug|Any CPU.Build.0 = Debug|Any CPU
		{2881AE05-ABCD-4E24-B5E0-F62A56F06642}.Release|Any CPU.ActiveCfg = Release|Any CPU
		{2881AE05-ABCD-4E24-B5E0-F62A56F06642}.Release|Any CPU.Build.0 = Release|Any CPU
		{0092A3AC-BCAA-4A7C-B537-B137821761D0}.Debug|Any CPU.ActiveCfg = Debug|Any CPU
		{0092A3AC-BCAA-4A7C-B537-B137821761D0}.Debug|Any CPU.Build.0 = Debug|Any CPU
		{0092A3AC-BCAA-4A7C-B537-B137821761D0}.Release|Any CPU.ActiveCfg = Release|Any CPU
		{0092A3AC-BCAA-4A7C-B537-B137821761D0}.Release|Any CPU.Build.0 = Release|Any CPU
		{81939DFD-BC46-41E7-97A8-C3A4C3C9298A}.Debug|Any CPU.ActiveCfg = Debug|Any CPU
		{81939DFD-BC46-41E7-97A8-C3A4C3C9298A}.Debug|Any CPU.Build.0 = Debug|Any CPU
		{81939DFD-BC46-41E7-97A8-C3A4C3C9298A}.Release|Any CPU.ActiveCfg = Release|Any CPU
		{81939DFD-BC46-41E7-97A8-C3A4C3C9298A}.Release|Any CPU.Build.0 = Release|Any CPU
		{AED26ED2-87FE-4E67-969F-698321637CF3}.Debug|Any CPU.ActiveCfg = Debug|Any CPU
		{AED26ED2-87FE-4E67-969F-698321637CF3}.Debug|Any CPU.Build.0 = Debug|Any CPU
		{AED26ED2-87FE-4E67-969F-698321637CF3}.Release|Any CPU.ActiveCfg = Release|Any CPU
		{AED26ED2-87FE-4E67-969F-698321637CF3}.Release|Any CPU.Build.0 = Release|Any CPU
		{FC432280-83F4-4FDD-A010-2C7AD6EBD6DC}.Debug|Any CPU.ActiveCfg = Debug|Any CPU
		{FC432280-83F4-4FDD-A010-2C7AD6EBD6DC}.Debug|Any CPU.Build.0 = Debug|Any CPU
		{FC432280-83F4-4FDD-A010-2C7AD6EBD6DC}.Release|Any CPU.ActiveCfg = Release|Any CPU
		{FC432280-83F4-4FDD-A010-2C7AD6EBD6DC}.Release|Any CPU.Build.0 = Release|Any CPU
	EndGlobalSection
	GlobalSection(NestedProjects) = preSolution
		{98114EF9-A8B8-4AC3-A537-A0C72F7941C6} = {F0F461E5-5439-4A08-BF57-2BF97449B4CB}
		{A10E2D7C-CCA4-4F0A-90D4-DC8D041EB359} = {F0F461E5-5439-4A08-BF57-2BF97449B4CB}
		{5DD43BB9-5CE6-4AA4-9310-2A1128738922} = {A10E2D7C-CCA4-4F0A-90D4-DC8D041EB359}
		{76DA11BA-1483-4865-B048-69123CE2BDF6} = {A10E2D7C-CCA4-4F0A-90D4-DC8D041EB359}
		{7E39E962-448E-445A-AD5B-717EC3925D0E} = {A10E2D7C-CCA4-4F0A-90D4-DC8D041EB359}
		{15ECFB04-8BE9-4E04-9D4F-7846B979F8C3} = {A10E2D7C-CCA4-4F0A-90D4-DC8D041EB359}
		{73E88AD1-E147-4B5A-AF3F-62123CDD523B} = {A10E2D7C-CCA4-4F0A-90D4-DC8D041EB359}
		{F45A4278-06C9-49BD-A960-97FBAFE5C801} = {1F4FEAAB-132A-4281-A012-C113453DF001}
		{2881AE05-ABCD-4E24-B5E0-F62A56F06642} = {1F4FEAAB-132A-4281-A012-C113453DF001}
		{0092A3AC-BCAA-4A7C-B537-B137821761D0} = {1F4FEAAB-132A-4281-A012-C113453DF001}
		{81939DFD-BC46-41E7-97A8-C3A4C3C9298A} = {1F4FEAAB-132A-4281-A012-C113453DF001}
		{AED26ED2-87FE-4E67-969F-698321637CF3} = {1F4FEAAB-132A-4281-A012-C113453DF001}
		{FC432280-83F4-4FDD-A010-2C7AD6EBD6DC} = {1F4FEAAB-132A-4281-A012-C113453DF001}
	EndGlobalSection
EndGlobal
