
Microsoft Visual Studio Solution File, Format Version 12.00
Project("{FAE04EC0-301F-11D3-BF4B-00C04F79EFBC}") = "Sepet.API", "Sepet.API\Sepet.API.csproj", "{98114EF9-A8B8-4AC3-A537-A0C72F7941C6}"
EndProject
Project("{2150E333-8FDC-42A3-9474-1A3956D46DE8}") = "src", "src", "{F0F461E5-5439-4A08-BF57-2BF97449B4CB}"
EndProject
Project("{2150E333-8FDC-42A3-9474-1A3956D46DE8}") = "tests", "tests", "{1F4FEAAB-132A-4281-A012-C113453DF001}"
EndProject
Project("{FAE04EC0-301F-11D3-BF4B-00C04F79EFBC}") = "Sepet.Core", "Sepet.Core\Sepet.Core.csproj", "{5DD43BB9-5CE6-4AA4-9310-2A1128738922}"
EndProject
Project("{FAE04EC0-301F-11D3-BF4B-00C04F79EFBC}") = "Sepet.EFCoreInMemory", "Sepet.EFCoreInMemory\Sepet.EFCoreInMemory.csproj", "{76DA11BA-1483-4865-B048-69123CE2BDF6}"
EndProject
Project("{FAE04EC0-301F-11D3-BF4B-00C04F79EFBC}") = "Sepet.Redis", "Sepet.Redis\Sepet.Redis.csproj", "{15ECFB04-8BE9-4E04-9D4F-7846B979F8C3}"
EndProject
Project("{FAE04EC0-301F-11D3-BF4B-00C04F79EFBC}") = "Sepet.MongoDb", "Sepet.MongoDb\Sepet.MongoDb.csproj", "{7E39E962-448E-445A-AD5B-717EC3925D0E}"
EndProject
Project("{2150E333-8FDC-42A3-9474-1A3956D46DE8}") = "Infrastructure", "Infrastructure", "{A10E2D7C-CCA4-4F0A-90D4-DC8D041EB359}"
EndProject
Project("{FAE04EC0-301F-11D3-BF4B-00C04F79EFBC}") = "Sepet.Application", "Sepet.Application\Sepet.Application.csproj", "{73E88AD1-E147-4B5A-AF3F-62123CDD523B}"
EndProject
Global
	GlobalSection(SolutionConfigurationPlatforms) = preSolution
		Debug|Any CPU = Debug|Any CPU
		Release|Any CPU = Release|Any CPU
	EndGlobalSection
	GlobalSection(ProjectConfigurationPlatforms) = postSolution
		{98114EF9-A8B8-4AC3-A537-A0C72F7941C6}.Debug|Any CPU.ActiveCfg = Debug|Any CPU
		{98114EF9-A8B8-4AC3-A537-A0C72F7941C6}.Debug|Any CPU.Build.0 = Debug|Any CPU
		{98114EF9-A8B8-4AC3-A537-A0C72F7941C6}.Release|Any CPU.ActiveCfg = Release|Any CPU
		{98114EF9-A8B8-4AC3-A537-A0C72F7941C6}.Release|Any CPU.Build.0 = Release|Any CPU
		{5DD43BB9-5CE6-4AA4-9310-2A1128738922}.Debug|Any CPU.ActiveCfg = Debug|Any CPU
		{5DD43BB9-5CE6-4AA4-9310-2A1128738922}.Debug|Any CPU.Build.0 = Debug|Any CPU
		{5DD43BB9-5CE6-4AA4-9310-2A1128738922}.Release|Any CPU.ActiveCfg = Release|Any CPU
		{5DD43BB9-5CE6-4AA4-9310-2A1128738922}.Release|Any CPU.Build.0 = Release|Any CPU
		{76DA11BA-1483-4865-B048-69123CE2BDF6}.Debug|Any CPU.ActiveCfg = Debug|Any CPU
		{76DA11BA-1483-4865-B048-69123CE2BDF6}.Debug|Any CPU.Build.0 = Debug|Any CPU
		{76DA11BA-1483-4865-B048-69123CE2BDF6}.Release|Any CPU.ActiveCfg = Release|Any CPU
		{76DA11BA-1483-4865-B048-69123CE2BDF6}.Release|Any CPU.Build.0 = Release|Any CPU
		{15ECFB04-8BE9-4E04-9D4F-7846B979F8C3}.Debug|Any CPU.ActiveCfg = Debug|Any CPU
		{15ECFB04-8BE9-4E04-9D4F-7846B979F8C3}.Debug|Any CPU.Build.0 = Debug|Any CPU
		{15ECFB04-8BE9-4E04-9D4F-7846B979F8C3}.Release|Any CPU.ActiveCfg = Release|Any CPU
		{15ECFB04-8BE9-4E04-9D4F-7846B979F8C3}.Release|Any CPU.Build.0 = Release|Any CPU
		{7E39E962-448E-445A-AD5B-717EC3925D0E}.Debug|Any CPU.ActiveCfg = Debug|Any CPU
		{7E39E962-448E-445A-AD5B-717EC3925D0E}.Debug|Any CPU.Build.0 = Debug|Any CPU
		{7E39E962-448E-445A-AD5B-717EC3925D0E}.Release|Any CPU.ActiveCfg = Release|Any CPU
		{7E39E962-448E-445A-AD5B-717EC3925D0E}.Release|Any CPU.Build.0 = Release|Any CPU
		{73E88AD1-E147-4B5A-AF3F-62123CDD523B}.Debug|Any CPU.ActiveCfg = Debug|Any CPU
		{73E88AD1-E147-4B5A-AF3F-62123CDD523B}.Debug|Any CPU.Build.0 = Debug|Any CPU
		{73E88AD1-E147-4B5A-AF3F-62123CDD523B}.Release|Any CPU.ActiveCfg = Release|Any CPU
		{73E88AD1-E147-4B5A-AF3F-62123CDD523B}.Release|Any CPU.Build.0 = Release|Any CPU
	EndGlobalSection
	GlobalSection(NestedProjects) = preSolution
		{98114EF9-A8B8-4AC3-A537-A0C72F7941C6} = {F0F461E5-5439-4A08-BF57-2BF97449B4CB}
		{A10E2D7C-CCA4-4F0A-90D4-DC8D041EB359} = {F0F461E5-5439-4A08-BF57-2BF97449B4CB}
		{5DD43BB9-5CE6-4AA4-9310-2A1128738922} = {A10E2D7C-CCA4-4F0A-90D4-DC8D041EB359}
		{76DA11BA-1483-4865-B048-69123CE2BDF6} = {A10E2D7C-CCA4-4F0A-90D4-DC8D041EB359}
		{7E39E962-448E-445A-AD5B-717EC3925D0E} = {A10E2D7C-CCA4-4F0A-90D4-DC8D041EB359}
		{15ECFB04-8BE9-4E04-9D4F-7846B979F8C3} = {A10E2D7C-CCA4-4F0A-90D4-DC8D041EB359}
		{73E88AD1-E147-4B5A-AF3F-62123CDD523B} = {A10E2D7C-CCA4-4F0A-90D4-DC8D041EB359}
	EndGlobalSection
EndGlobal
